
Microsoft Visual Studio Solution File, Format Version 12.00
# Visual Studio Version 17
VisualStudioVersion = 17.8.34330.188
MinimumVisualStudioVersion = 10.0.40219.1
Project("{FAE04EC0-301F-11D3-BF4B-00C04F79EFBC}") = "Proyecto", "Proyecto\Proyecto.csproj", "{7425650C-4A33-4FE3-8945-7D1FA26FECD8}"
EndProject
Project("{2150E333-8FDC-42A3-9474-1A3956D46DE8}") = "NewFolder1", "NewFolder1", "{0939607A-73BA-46AB-8414-CB447800CB10}"
EndProject
Global
	GlobalSection(SolutionConfigurationPlatforms) = preSolution
		Debug|Any CPU = Debug|Any CPU
		Release|Any CPU = Release|Any CPU
	EndGlobalSection
	GlobalSection(ProjectConfigurationPlatforms) = postSolution
		{7425650C-4A33-4FE3-8945-7D1FA26FECD8}.Debug|Any CPU.ActiveCfg = Debug|Any CPU
		{7425650C-4A33-4FE3-8945-7D1FA26FECD8}.Debug|Any CPU.Build.0 = Debug|Any CPU
		{7425650C-4A33-4FE3-8945-7D1FA26FECD8}.Release|Any CPU.ActiveCfg = Release|Any CPU
		{7425650C-4A33-4FE3-8945-7D1FA26FECD8}.Release|Any CPU.Build.0 = Release|Any CPU
	EndGlobalSection
	GlobalSection(SolutionProperties) = preSolution
		HideSolutionNode = FALSE
	EndGlobalSection
	GlobalSection(ExtensibilityGlobals) = postSolution
		SolutionGuid = {390CE3D1-CEDC-4DD2-B5D1-CDE776511308}
	EndGlobalSection
EndGlobal
